// !$*UTF8*$!
{
	archiveVersion = 1;
	classes = {
	};
	objectVersion = 46;
	objects = {

/* Begin PBXBuildFile section */
		383DD3061F1C555600BAEC3A /* AppDelegate.swift in Sources */ = {isa = PBXBuildFile; fileRef = 383DD3051F1C555600BAEC3A /* AppDelegate.swift */; };
		383DD30B1F1C555600BAEC3A /* Main.storyboard in Resources */ = {isa = PBXBuildFile; fileRef = 383DD3091F1C555600BAEC3A /* Main.storyboard */; };
		383DD30E1F1C555600BAEC3A /* Daily_Spendy.xcdatamodeld in Sources */ = {isa = PBXBuildFile; fileRef = 383DD30C1F1C555600BAEC3A /* Daily_Spendy.xcdatamodeld */; };
		383DD3101F1C555600BAEC3A /* Assets.xcassets in Resources */ = {isa = PBXBuildFile; fileRef = 383DD30F1F1C555600BAEC3A /* Assets.xcassets */; };
		383DD3131F1C555600BAEC3A /* LaunchScreen.storyboard in Resources */ = {isa = PBXBuildFile; fileRef = 383DD3111F1C555600BAEC3A /* LaunchScreen.storyboard */; };
		387E1C111F1CB3B800DE76D4 /* SelectMonthTableViewController.swift in Sources */ = {isa = PBXBuildFile; fileRef = 387E1C101F1CB3B800DE76D4 /* SelectMonthTableViewController.swift */; };
		388D5D811F1DA1130089DF92 /* SelectYearTableViewController.swift in Sources */ = {isa = PBXBuildFile; fileRef = 388D5D801F1DA1130089DF92 /* SelectYearTableViewController.swift */; };
		388D5D831F1DC3D50089DF92 /* Extensions.swift in Sources */ = {isa = PBXBuildFile; fileRef = 388D5D821F1DC3D50089DF92 /* Extensions.swift */; };
		388D5D851F1DC6630089DF92 /* Spendy.swift in Sources */ = {isa = PBXBuildFile; fileRef = 388D5D841F1DC6630089DF92 /* Spendy.swift */; };
		388D5D871F1DC68F0089DF92 /* SpendyRepo.swift in Sources */ = {isa = PBXBuildFile; fileRef = 388D5D861F1DC68F0089DF92 /* SpendyRepo.swift */; };
		388D5D891F1DD9750089DF92 /* Group.swift in Sources */ = {isa = PBXBuildFile; fileRef = 388D5D881F1DD9750089DF92 /* Group.swift */; };
		388D5D8B1F1DDD250089DF92 /* GroupRepo.swift in Sources */ = {isa = PBXBuildFile; fileRef = 388D5D8A1F1DDD250089DF92 /* GroupRepo.swift */; };
		388D5D8D1F1DDD830089DF92 /* Common.swift in Sources */ = {isa = PBXBuildFile; fileRef = 388D5D8C1F1DDD830089DF92 /* Common.swift */; };
		388D5D8F1F1DDFA80089DF92 /* GroupTableViewController.swift in Sources */ = {isa = PBXBuildFile; fileRef = 388D5D8E1F1DDFA80089DF92 /* GroupTableViewController.swift */; };
		388D5D911F1DF92D0089DF92 /* SpendyTableViewController.swift in Sources */ = {isa = PBXBuildFile; fileRef = 388D5D901F1DF92D0089DF92 /* SpendyTableViewController.swift */; };
		388D5D931F1DF94D0089DF92 /* SpendyDetailViewController.swift in Sources */ = {isa = PBXBuildFile; fileRef = 388D5D921F1DF94D0089DF92 /* SpendyDetailViewController.swift */; };
		388D5D951F1DF99F0089DF92 /* SpendyTableViewCell.swift in Sources */ = {isa = PBXBuildFile; fileRef = 388D5D941F1DF99F0089DF92 /* SpendyTableViewCell.swift */; };
		388D5D971F1DF9B10089DF92 /* SpendyTableViewCell.xib in Resources */ = {isa = PBXBuildFile; fileRef = 388D5D961F1DF9B10089DF92 /* SpendyTableViewCell.xib */; };
		388D5DA51F1E0E970089DF92 /* DPDConstants.swift in Sources */ = {isa = PBXBuildFile; fileRef = 388D5D9B1F1E0E970089DF92 /* DPDConstants.swift */; };
		388D5DA61F1E0E970089DF92 /* DPDKeyboardListener.swift in Sources */ = {isa = PBXBuildFile; fileRef = 388D5D9C1F1E0E970089DF92 /* DPDKeyboardListener.swift */; };
		388D5DA71F1E0E970089DF92 /* DPDUIView+Extension.swift in Sources */ = {isa = PBXBuildFile; fileRef = 388D5D9D1F1E0E970089DF92 /* DPDUIView+Extension.swift */; };
		388D5DA81F1E0E970089DF92 /* Info.plist in Resources */ = {isa = PBXBuildFile; fileRef = 388D5D9E1F1E0E970089DF92 /* Info.plist */; };
		388D5DA91F1E0E970089DF92 /* DropDownCell.xib in Resources */ = {isa = PBXBuildFile; fileRef = 388D5DA01F1E0E970089DF92 /* DropDownCell.xib */; };
		388D5DAA1F1E0E970089DF92 /* DropDown+Appearance.swift in Sources */ = {isa = PBXBuildFile; fileRef = 388D5DA21F1E0E970089DF92 /* DropDown+Appearance.swift */; };
		388D5DAB1F1E0E970089DF92 /* DropDown.swift in Sources */ = {isa = PBXBuildFile; fileRef = 388D5DA31F1E0E970089DF92 /* DropDown.swift */; };
		388D5DAC1F1E0E970089DF92 /* DropDownCell.swift in Sources */ = {isa = PBXBuildFile; fileRef = 388D5DA41F1E0E970089DF92 /* DropDownCell.swift */; };
		38A623D61F1F554C00510841 /* FilterViewController.swift in Sources */ = {isa = PBXBuildFile; fileRef = 38A623D51F1F554C00510841 /* FilterViewController.swift */; };
		38A623D81F1F5BF700510841 /* DatePickerDialog.swift in Sources */ = {isa = PBXBuildFile; fileRef = 38A623D71F1F5BF700510841 /* DatePickerDialog.swift */; };
		38A623DA1F1F5D8C00510841 /* ReportViewController.swift in Sources */ = {isa = PBXBuildFile; fileRef = 38A623D91F1F5D8C00510841 /* ReportViewController.swift */; };
		38AF280E1F1EF9D0001D96D9 /* NoDataView.xib in Resources */ = {isa = PBXBuildFile; fileRef = 38AF280D1F1EF9D0001D96D9 /* NoDataView.xib */; };
		38AF28101F1F03E9001D96D9 /* Globals.swift in Sources */ = {isa = PBXBuildFile; fileRef = 38AF280F1F1F03E9001D96D9 /* Globals.swift */; };
		38BD0D0A1F1C5759002962B3 /* MainViewController.swift in Sources */ = {isa = PBXBuildFile; fileRef = 38BD0D091F1C5759002962B3 /* MainViewController.swift */; };
		38BD0D0D1F1C57F0002962B3 /* CalendarCell.swift in Sources */ = {isa = PBXBuildFile; fileRef = 38BD0D0C1F1C57F0002962B3 /* CalendarCell.swift */; };
		EAB0F3698255FCDF1D8FC0EC /* Pods_Daily_Spendy.framework in Frameworks */ = {isa = PBXBuildFile; fileRef = EECDACFBA535DD2BC1DEE837 /* Pods_Daily_Spendy.framework */; };
/* End PBXBuildFile section */

/* Begin PBXFileReference section */
		2747331DFFE2FC1E48A590F9 /* Pods-Daily Spendy.debug.xcconfig */ = {isa = PBXFileReference; includeInIndex = 1; lastKnownFileType = text.xcconfig; name = "Pods-Daily Spendy.debug.xcconfig"; path = "Pods/Target Support Files/Pods-Daily Spendy/Pods-Daily Spendy.debug.xcconfig"; sourceTree = "<group>"; };
		383DD3021F1C555600BAEC3A /* Daily Spendy.app */ = {isa = PBXFileReference; explicitFileType = wrapper.application; includeInIndex = 0; path = "Daily Spendy.app"; sourceTree = BUILT_PRODUCTS_DIR; };
		383DD3051F1C555600BAEC3A /* AppDelegate.swift */ = {isa = PBXFileReference; lastKnownFileType = sourcecode.swift; name = AppDelegate.swift; path = ../AppDelegate.swift; sourceTree = "<group>"; };
		383DD30A1F1C555600BAEC3A /* Base */ = {isa = PBXFileReference; lastKnownFileType = file.storyboard; name = Base; path = Base.lproj/Main.storyboard; sourceTree = "<group>"; };
		383DD30D1F1C555600BAEC3A /* Daily_Spendy.xcdatamodel */ = {isa = PBXFileReference; lastKnownFileType = wrapper.xcdatamodel; path = Daily_Spendy.xcdatamodel; sourceTree = "<group>"; };
		383DD30F1F1C555600BAEC3A /* Assets.xcassets */ = {isa = PBXFileReference; lastKnownFileType = folder.assetcatalog; name = Assets.xcassets; path = ../Assets.xcassets; sourceTree = "<group>"; };
		383DD3121F1C555600BAEC3A /* Base */ = {isa = PBXFileReference; lastKnownFileType = file.storyboard; name = Base; path = Base.lproj/LaunchScreen.storyboard; sourceTree = "<group>"; };
		383DD3141F1C555600BAEC3A /* Info.plist */ = {isa = PBXFileReference; lastKnownFileType = text.plist.xml; name = Info.plist; path = ../Info.plist; sourceTree = "<group>"; };
		387E1C101F1CB3B800DE76D4 /* SelectMonthTableViewController.swift */ = {isa = PBXFileReference; fileEncoding = 4; lastKnownFileType = sourcecode.swift; path = SelectMonthTableViewController.swift; sourceTree = "<group>"; };
		388D5D801F1DA1130089DF92 /* SelectYearTableViewController.swift */ = {isa = PBXFileReference; fileEncoding = 4; lastKnownFileType = sourcecode.swift; path = SelectYearTableViewController.swift; sourceTree = "<group>"; };
		388D5D821F1DC3D50089DF92 /* Extensions.swift */ = {isa = PBXFileReference; fileEncoding = 4; lastKnownFileType = sourcecode.swift; path = Extensions.swift; sourceTree = "<group>"; };
		388D5D841F1DC6630089DF92 /* Spendy.swift */ = {isa = PBXFileReference; fileEncoding = 4; lastKnownFileType = sourcecode.swift; path = Spendy.swift; sourceTree = "<group>"; };
		388D5D861F1DC68F0089DF92 /* SpendyRepo.swift */ = {isa = PBXFileReference; fileEncoding = 4; lastKnownFileType = sourcecode.swift; path = SpendyRepo.swift; sourceTree = "<group>"; };
		388D5D881F1DD9750089DF92 /* Group.swift */ = {isa = PBXFileReference; fileEncoding = 4; lastKnownFileType = sourcecode.swift; path = Group.swift; sourceTree = "<group>"; };
		388D5D8A1F1DDD250089DF92 /* GroupRepo.swift */ = {isa = PBXFileReference; fileEncoding = 4; lastKnownFileType = sourcecode.swift; path = GroupRepo.swift; sourceTree = "<group>"; };
		388D5D8C1F1DDD830089DF92 /* Common.swift */ = {isa = PBXFileReference; fileEncoding = 4; lastKnownFileType = sourcecode.swift; path = Common.swift; sourceTree = "<group>"; };
		388D5D8E1F1DDFA80089DF92 /* GroupTableViewController.swift */ = {isa = PBXFileReference; fileEncoding = 4; lastKnownFileType = sourcecode.swift; path = GroupTableViewController.swift; sourceTree = "<group>"; };
		388D5D901F1DF92D0089DF92 /* SpendyTableViewController.swift */ = {isa = PBXFileReference; fileEncoding = 4; lastKnownFileType = sourcecode.swift; path = SpendyTableViewController.swift; sourceTree = "<group>"; };
		388D5D921F1DF94D0089DF92 /* SpendyDetailViewController.swift */ = {isa = PBXFileReference; fileEncoding = 4; lastKnownFileType = sourcecode.swift; path = SpendyDetailViewController.swift; sourceTree = "<group>"; };
		388D5D941F1DF99F0089DF92 /* SpendyTableViewCell.swift */ = {isa = PBXFileReference; fileEncoding = 4; lastKnownFileType = sourcecode.swift; path = SpendyTableViewCell.swift; sourceTree = "<group>"; };
		388D5D961F1DF9B10089DF92 /* SpendyTableViewCell.xib */ = {isa = PBXFileReference; fileEncoding = 4; lastKnownFileType = file.xib; path = SpendyTableViewCell.xib; sourceTree = "<group>"; };
		388D5D991F1E0E970089DF92 /* DropDown.h */ = {isa = PBXFileReference; fileEncoding = 4; lastKnownFileType = sourcecode.c.h; path = DropDown.h; sourceTree = "<group>"; };
		388D5D9B1F1E0E970089DF92 /* DPDConstants.swift */ = {isa = PBXFileReference; fileEncoding = 4; lastKnownFileType = sourcecode.swift; path = DPDConstants.swift; sourceTree = "<group>"; };
		388D5D9C1F1E0E970089DF92 /* DPDKeyboardListener.swift */ = {isa = PBXFileReference; fileEncoding = 4; lastKnownFileType = sourcecode.swift; path = DPDKeyboardListener.swift; sourceTree = "<group>"; };
		388D5D9D1F1E0E970089DF92 /* DPDUIView+Extension.swift */ = {isa = PBXFileReference; fileEncoding = 4; lastKnownFileType = sourcecode.swift; path = "DPDUIView+Extension.swift"; sourceTree = "<group>"; };
		388D5D9E1F1E0E970089DF92 /* Info.plist */ = {isa = PBXFileReference; fileEncoding = 4; lastKnownFileType = text.plist.xml; path = Info.plist; sourceTree = "<group>"; };
		388D5DA01F1E0E970089DF92 /* DropDownCell.xib */ = {isa = PBXFileReference; fileEncoding = 4; lastKnownFileType = file.xib; path = DropDownCell.xib; sourceTree = "<group>"; };
		388D5DA21F1E0E970089DF92 /* DropDown+Appearance.swift */ = {isa = PBXFileReference; fileEncoding = 4; lastKnownFileType = sourcecode.swift; path = "DropDown+Appearance.swift"; sourceTree = "<group>"; };
		388D5DA31F1E0E970089DF92 /* DropDown.swift */ = {isa = PBXFileReference; fileEncoding = 4; lastKnownFileType = sourcecode.swift; path = DropDown.swift; sourceTree = "<group>"; };
		388D5DA41F1E0E970089DF92 /* DropDownCell.swift */ = {isa = PBXFileReference; fileEncoding = 4; lastKnownFileType = sourcecode.swift; path = DropDownCell.swift; sourceTree = "<group>"; };
		38A623D51F1F554C00510841 /* FilterViewController.swift */ = {isa = PBXFileReference; fileEncoding = 4; lastKnownFileType = sourcecode.swift; path = FilterViewController.swift; sourceTree = "<group>"; };
		38A623D71F1F5BF700510841 /* DatePickerDialog.swift */ = {isa = PBXFileReference; fileEncoding = 4; lastKnownFileType = sourcecode.swift; path = DatePickerDialog.swift; sourceTree = "<group>"; };
		38A623D91F1F5D8C00510841 /* ReportViewController.swift */ = {isa = PBXFileReference; fileEncoding = 4; lastKnownFileType = sourcecode.swift; path = ReportViewController.swift; sourceTree = "<group>"; };
		38AF280D1F1EF9D0001D96D9 /* NoDataView.xib */ = {isa = PBXFileReference; fileEncoding = 4; lastKnownFileType = file.xib; path = NoDataView.xib; sourceTree = "<group>"; };
		38AF280F1F1F03E9001D96D9 /* Globals.swift */ = {isa = PBXFileReference; fileEncoding = 4; lastKnownFileType = sourcecode.swift; path = Globals.swift; sourceTree = "<group>"; };
		38BD0D091F1C5759002962B3 /* MainViewController.swift */ = {isa = PBXFileReference; fileEncoding = 4; lastKnownFileType = sourcecode.swift; path = MainViewController.swift; sourceTree = "<group>"; };
		38BD0D0C1F1C57F0002962B3 /* CalendarCell.swift */ = {isa = PBXFileReference; fileEncoding = 4; lastKnownFileType = sourcecode.swift; path = CalendarCell.swift; sourceTree = "<group>"; };
		7E855BB24D75CC7396E7EB3D /* Pods-Daily Spendy.release.xcconfig */ = {isa = PBXFileReference; includeInIndex = 1; lastKnownFileType = text.xcconfig; name = "Pods-Daily Spendy.release.xcconfig"; path = "Pods/Target Support Files/Pods-Daily Spendy/Pods-Daily Spendy.release.xcconfig"; sourceTree = "<group>"; };
		EECDACFBA535DD2BC1DEE837 /* Pods_Daily_Spendy.framework */ = {isa = PBXFileReference; explicitFileType = wrapper.framework; includeInIndex = 0; path = Pods_Daily_Spendy.framework; sourceTree = BUILT_PRODUCTS_DIR; };
/* End PBXFileReference section */

/* Begin PBXFrameworksBuildPhase section */
		383DD2FF1F1C555600BAEC3A /* Frameworks */ = {
			isa = PBXFrameworksBuildPhase;
			buildActionMask = 2147483647;
			files = (
				EAB0F3698255FCDF1D8FC0EC /* Pods_Daily_Spendy.framework in Frameworks */,
			);
			runOnlyForDeploymentPostprocessing = 0;
		};
/* End PBXFrameworksBuildPhase section */

/* Begin PBXGroup section */
		146676E0DA354799BFB14429 /* Frameworks */ = {
			isa = PBXGroup;
			children = (
				EECDACFBA535DD2BC1DEE837 /* Pods_Daily_Spendy.framework */,
			);
			name = Frameworks;
			sourceTree = "<group>";
		};
		383DD2F91F1C555500BAEC3A = {
			isa = PBXGroup;
			children = (
				383DD3041F1C555600BAEC3A /* Daily Spendy */,
				383DD3031F1C555600BAEC3A /* Products */,
				F5B403AC04CD0DAB8B2253CE /* Pods */,
				146676E0DA354799BFB14429 /* Frameworks */,
			);
			sourceTree = "<group>";
		};
		383DD3031F1C555600BAEC3A /* Products */ = {
			isa = PBXGroup;
			children = (
				383DD3021F1C555600BAEC3A /* Daily Spendy.app */,
			);
			name = Products;
			sourceTree = "<group>";
		};
		383DD3041F1C555600BAEC3A /* Daily Spendy */ = {
			isa = PBXGroup;
			children = (
				38BD0D031F1C566C002962B3 /* Layouts */,
				38BD0D041F1C566C002962B3 /* Repositories */,
				38BD0D051F1C566C002962B3 /* Models */,
				38BD0D061F1C566C002962B3 /* View Controllers */,
				38BD0D071F1C566C002962B3 /* Helpers */,
				38BD0D081F1C566C002962B3 /* Others */,
			);
			path = "Daily Spendy";
			sourceTree = "<group>";
		};
		388D5D981F1E0E970089DF92 /* DropDown */ = {
			isa = PBXGroup;
			children = (
				388D5D991F1E0E970089DF92 /* DropDown.h */,
				388D5D9A1F1E0E970089DF92 /* helpers */,
				388D5D9E1F1E0E970089DF92 /* Info.plist */,
				388D5D9F1F1E0E970089DF92 /* resources */,
				388D5DA11F1E0E970089DF92 /* src */,
			);
			path = DropDown;
			sourceTree = "<group>";
		};
		388D5D9A1F1E0E970089DF92 /* helpers */ = {
			isa = PBXGroup;
			children = (
				388D5D9B1F1E0E970089DF92 /* DPDConstants.swift */,
				388D5D9C1F1E0E970089DF92 /* DPDKeyboardListener.swift */,
				388D5D9D1F1E0E970089DF92 /* DPDUIView+Extension.swift */,
			);
			path = helpers;
			sourceTree = "<group>";
		};
		388D5D9F1F1E0E970089DF92 /* resources */ = {
			isa = PBXGroup;
			children = (
				388D5DA01F1E0E970089DF92 /* DropDownCell.xib */,
			);
			path = resources;
			sourceTree = "<group>";
		};
		388D5DA11F1E0E970089DF92 /* src */ = {
			isa = PBXGroup;
			children = (
				388D5DA21F1E0E970089DF92 /* DropDown+Appearance.swift */,
				388D5DA31F1E0E970089DF92 /* DropDown.swift */,
				388D5DA41F1E0E970089DF92 /* DropDownCell.swift */,
			);
			path = src;
			sourceTree = "<group>";
		};
		38BD0D031F1C566C002962B3 /* Layouts */ = {
			isa = PBXGroup;
			children = (
				38AF280D1F1EF9D0001D96D9 /* NoDataView.xib */,
				383DD3091F1C555600BAEC3A /* Main.storyboard */,
				383DD3111F1C555600BAEC3A /* LaunchScreen.storyboard */,
			);
			path = Layouts;
			sourceTree = "<group>";
		};
		38BD0D041F1C566C002962B3 /* Repositories */ = {
			isa = PBXGroup;
			children = (
				388D5D861F1DC68F0089DF92 /* SpendyRepo.swift */,
				388D5D8A1F1DDD250089DF92 /* GroupRepo.swift */,
			);
			path = Repositories;
			sourceTree = "<group>";
		};
		38BD0D051F1C566C002962B3 /* Models */ = {
			isa = PBXGroup;
			children = (
				388D5D841F1DC6630089DF92 /* Spendy.swift */,
				388D5D881F1DD9750089DF92 /* Group.swift */,
			);
			path = Models;
			sourceTree = "<group>";
		};
		38BD0D061F1C566C002962B3 /* View Controllers */ = {
			isa = PBXGroup;
			children = (
				38BD0D0B1F1C57D4002962B3 /* Cells */,
				38BD0D091F1C5759002962B3 /* MainViewController.swift */,
				387E1C101F1CB3B800DE76D4 /* SelectMonthTableViewController.swift */,
				388D5D801F1DA1130089DF92 /* SelectYearTableViewController.swift */,
				388D5D8E1F1DDFA80089DF92 /* GroupTableViewController.swift */,
				388D5D901F1DF92D0089DF92 /* SpendyTableViewController.swift */,
				388D5D921F1DF94D0089DF92 /* SpendyDetailViewController.swift */,
				38A623D51F1F554C00510841 /* FilterViewController.swift */,
				38A623D91F1F5D8C00510841 /* ReportViewController.swift */,
			);
			path = "View Controllers";
			sourceTree = "<group>";
		};
		38BD0D071F1C566C002962B3 /* Helpers */ = {
			isa = PBXGroup;
			children = (
				38A623D71F1F5BF700510841 /* DatePickerDialog.swift */,
				388D5D821F1DC3D50089DF92 /* Extensions.swift */,
				388D5D8C1F1DDD830089DF92 /* Common.swift */,
			);
			path = Helpers;
			sourceTree = "<group>";
		};
		38BD0D081F1C566C002962B3 /* Others */ = {
			isa = PBXGroup;
			children = (
				388D5D981F1E0E970089DF92 /* DropDown */,
				383DD3051F1C555600BAEC3A /* AppDelegate.swift */,
				383DD30F1F1C555600BAEC3A /* Assets.xcassets */,
				383DD3141F1C555600BAEC3A /* Info.plist */,
				383DD30C1F1C555600BAEC3A /* Daily_Spendy.xcdatamodeld */,
				38AF280F1F1F03E9001D96D9 /* Globals.swift */,
			);
			path = Others;
			sourceTree = "<group>";
		};
		38BD0D0B1F1C57D4002962B3 /* Cells */ = {
			isa = PBXGroup;
			children = (
				38BD0D0C1F1C57F0002962B3 /* CalendarCell.swift */,
				388D5D941F1DF99F0089DF92 /* SpendyTableViewCell.swift */,
				388D5D961F1DF9B10089DF92 /* SpendyTableViewCell.xib */,
			);
			path = Cells;
			sourceTree = "<group>";
		};
		F5B403AC04CD0DAB8B2253CE /* Pods */ = {
			isa = PBXGroup;
			children = (
				2747331DFFE2FC1E48A590F9 /* Pods-Daily Spendy.debug.xcconfig */,
				7E855BB24D75CC7396E7EB3D /* Pods-Daily Spendy.release.xcconfig */,
			);
			name = Pods;
			sourceTree = "<group>";
		};
/* End PBXGroup section */

/* Begin PBXNativeTarget section */
		383DD3011F1C555600BAEC3A /* Daily Spendy */ = {
			isa = PBXNativeTarget;
			buildConfigurationList = 383DD3171F1C555600BAEC3A /* Build configuration list for PBXNativeTarget "Daily Spendy" */;
			buildPhases = (
				47E4D800F23C05AA42967ECA /* [CP] Check Pods Manifest.lock */,
				383DD2FE1F1C555600BAEC3A /* Sources */,
				383DD2FF1F1C555600BAEC3A /* Frameworks */,
				383DD3001F1C555600BAEC3A /* Resources */,
				C131F73DA752FFB4FB1B6EF1 /* [CP] Embed Pods Frameworks */,
				0D5936E8EA1E37E94628A70A /* [CP] Copy Pods Resources */,
			);
			buildRules = (
			);
			dependencies = (
			);
			name = "Daily Spendy";
			productName = "Daily Spendy";
			productReference = 383DD3021F1C555600BAEC3A /* Daily Spendy.app */;
			productType = "com.apple.product-type.application";
		};
/* End PBXNativeTarget section */

/* Begin PBXProject section */
		383DD2FA1F1C555500BAEC3A /* Project object */ = {
			isa = PBXProject;
			attributes = {
				LastSwiftUpdateCheck = 0830;
				LastUpgradeCheck = 0830;
				ORGANIZATIONNAME = BEN;
				TargetAttributes = {
					383DD3011F1C555600BAEC3A = {
						CreatedOnToolsVersion = 8.3.3;
						DevelopmentTeam = LWGNF97J5S;
						ProvisioningStyle = Automatic;
					};
				};
			};
			buildConfigurationList = 383DD2FD1F1C555500BAEC3A /* Build configuration list for PBXProject "Daily Spendy" */;
			compatibilityVersion = "Xcode 3.2";
			developmentRegion = English;
			hasScannedForEncodings = 0;
			knownRegions = (
				en,
				Base,
			);
			mainGroup = 383DD2F91F1C555500BAEC3A;
			productRefGroup = 383DD3031F1C555600BAEC3A /* Products */;
			projectDirPath = "";
			projectRoot = "";
			targets = (
				383DD3011F1C555600BAEC3A /* Daily Spendy */,
			);
		};
/* End PBXProject section */

/* Begin PBXResourcesBuildPhase section */
		383DD3001F1C555600BAEC3A /* Resources */ = {
			isa = PBXResourcesBuildPhase;
			buildActionMask = 2147483647;
			files = (
				388D5DA91F1E0E970089DF92 /* DropDownCell.xib in Resources */,
				383DD3131F1C555600BAEC3A /* LaunchScreen.storyboard in Resources */,
				383DD3101F1C555600BAEC3A /* Assets.xcassets in Resources */,
				388D5D971F1DF9B10089DF92 /* SpendyTableViewCell.xib in Resources */,
				388D5DA81F1E0E970089DF92 /* Info.plist in Resources */,
				383DD30B1F1C555600BAEC3A /* Main.storyboard in Resources */,
				38AF280E1F1EF9D0001D96D9 /* NoDataView.xib in Resources */,
			);
			runOnlyForDeploymentPostprocessing = 0;
		};
/* End PBXResourcesBuildPhase section */

/* Begin PBXShellScriptBuildPhase section */
		0D5936E8EA1E37E94628A70A /* [CP] Copy Pods Resources */ = {
			isa = PBXShellScriptBuildPhase;
			buildActionMask = 2147483647;
			files = (
			);
			inputPaths = (
			);
			name = "[CP] Copy Pods Resources";
			outputPaths = (
			);
			runOnlyForDeploymentPostprocessing = 0;
			shellPath = /bin/sh;
			shellScript = "\"${SRCROOT}/Pods/Target Support Files/Pods-Daily Spendy/Pods-Daily Spendy-resources.sh\"\n";
			showEnvVarsInLog = 0;
		};
		47E4D800F23C05AA42967ECA /* [CP] Check Pods Manifest.lock */ = {
			isa = PBXShellScriptBuildPhase;
			buildActionMask = 2147483647;
			files = (
			);
			inputPaths = (
			);
			name = "[CP] Check Pods Manifest.lock";
			outputPaths = (
			);
			runOnlyForDeploymentPostprocessing = 0;
			shellPath = /bin/sh;
			shellScript = "diff \"${PODS_ROOT}/../Podfile.lock\" \"${PODS_ROOT}/Manifest.lock\" > /dev/null\nif [ $? != 0 ] ; then\n    # print error to STDERR\n    echo \"error: The sandbox is not in sync with the Podfile.lock. Run 'pod install' or update your CocoaPods installation.\" >&2\n    exit 1\nfi\n";
			showEnvVarsInLog = 0;
		};
		C131F73DA752FFB4FB1B6EF1 /* [CP] Embed Pods Frameworks */ = {
			isa = PBXShellScriptBuildPhase;
			buildActionMask = 2147483647;
			files = (
			);
			inputPaths = (
			);
			name = "[CP] Embed Pods Frameworks";
			outputPaths = (
			);
			runOnlyForDeploymentPostprocessing = 0;
			shellPath = /bin/sh;
			shellScript = "\"${SRCROOT}/Pods/Target Support Files/Pods-Daily Spendy/Pods-Daily Spendy-frameworks.sh\"\n";
			showEnvVarsInLog = 0;
		};
/* End PBXShellScriptBuildPhase section */

/* Begin PBXSourcesBuildPhase section */
		383DD2FE1F1C555600BAEC3A /* Sources */ = {
			isa = PBXSourcesBuildPhase;
			buildActionMask = 2147483647;
			files = (
				388D5DAC1F1E0E970089DF92 /* DropDownCell.swift in Sources */,
				388D5D811F1DA1130089DF92 /* SelectYearTableViewController.swift in Sources */,
				38BD0D0A1F1C5759002962B3 /* MainViewController.swift in Sources */,
				388D5DA71F1E0E970089DF92 /* DPDUIView+Extension.swift in Sources */,
				388D5D8B1F1DDD250089DF92 /* GroupRepo.swift in Sources */,
				388D5DA61F1E0E970089DF92 /* DPDKeyboardListener.swift in Sources */,
				388D5DAB1F1E0E970089DF92 /* DropDown.swift in Sources */,
				388D5D931F1DF94D0089DF92 /* SpendyDetailViewController.swift in Sources */,
				388D5D851F1DC6630089DF92 /* Spendy.swift in Sources */,
				388D5D8D1F1DDD830089DF92 /* Common.swift in Sources */,
				388D5DAA1F1E0E970089DF92 /* DropDown+Appearance.swift in Sources */,
				388D5D891F1DD9750089DF92 /* Group.swift in Sources */,
				383DD3061F1C555600BAEC3A /* AppDelegate.swift in Sources */,
				383DD30E1F1C555600BAEC3A /* Daily_Spendy.xcdatamodeld in Sources */,
				38A623DA1F1F5D8C00510841 /* ReportViewController.swift in Sources */,
				38A623D81F1F5BF700510841 /* DatePickerDialog.swift in Sources */,
				387E1C111F1CB3B800DE76D4 /* SelectMonthTableViewController.swift in Sources */,
				388D5D951F1DF99F0089DF92 /* SpendyTableViewCell.swift in Sources */,
				388D5DA51F1E0E970089DF92 /* DPDConstants.swift in Sources */,
				38AF28101F1F03E9001D96D9 /* Globals.swift in Sources */,
				38A623D61F1F554C00510841 /* FilterViewController.swift in Sources */,
				388D5D871F1DC68F0089DF92 /* SpendyRepo.swift in Sources */,
				38BD0D0D1F1C57F0002962B3 /* CalendarCell.swift in Sources */,
				388D5D8F1F1DDFA80089DF92 /* GroupTableViewController.swift in Sources */,
				388D5D911F1DF92D0089DF92 /* SpendyTableViewController.swift in Sources */,
				388D5D831F1DC3D50089DF92 /* Extensions.swift in Sources */,
			);
			runOnlyForDeploymentPostprocessing = 0;
		};
/* End PBXSourcesBuildPhase section */

/* Begin PBXVariantGroup section */
		383DD3091F1C555600BAEC3A /* Main.storyboard */ = {
			isa = PBXVariantGroup;
			children = (
				383DD30A1F1C555600BAEC3A /* Base */,
			);
			name = Main.storyboard;
			path = ..;
			sourceTree = "<group>";
		};
		383DD3111F1C555600BAEC3A /* LaunchScreen.storyboard */ = {
			isa = PBXVariantGroup;
			children = (
				383DD3121F1C555600BAEC3A /* Base */,
			);
			name = LaunchScreen.storyboard;
			path = ..;
			sourceTree = "<group>";
		};
/* End PBXVariantGroup section */

/* Begin XCBuildConfiguration section */
		383DD3151F1C555600BAEC3A /* Debug */ = {
			isa = XCBuildConfiguration;
			buildSettings = {
				ALWAYS_SEARCH_USER_PATHS = NO;
				CLANG_ANALYZER_NONNULL = YES;
				CLANG_ANALYZER_NUMBER_OBJECT_CONVERSION = YES_AGGRESSIVE;
				CLANG_CXX_LANGUAGE_STANDARD = "gnu++0x";
				CLANG_CXX_LIBRARY = "libc++";
				CLANG_ENABLE_MODULES = YES;
				CLANG_ENABLE_OBJC_ARC = YES;
				CLANG_WARN_BOOL_CONVERSION = YES;
				CLANG_WARN_CONSTANT_CONVERSION = YES;
				CLANG_WARN_DIRECT_OBJC_ISA_USAGE = YES_ERROR;
				CLANG_WARN_DOCUMENTATION_COMMENTS = YES;
				CLANG_WARN_EMPTY_BODY = YES;
				CLANG_WARN_ENUM_CONVERSION = YES;
				CLANG_WARN_INFINITE_RECURSION = YES;
				CLANG_WARN_INT_CONVERSION = YES;
				CLANG_WARN_OBJC_ROOT_CLASS = YES_ERROR;
				CLANG_WARN_SUSPICIOUS_MOVE = YES;
				CLANG_WARN_UNREACHABLE_CODE = YES;
				CLANG_WARN__DUPLICATE_METHOD_MATCH = YES;
				"CODE_SIGN_IDENTITY[sdk=iphoneos*]" = "iPhone Developer";
				COPY_PHASE_STRIP = NO;
				DEBUG_INFORMATION_FORMAT = dwarf;
				ENABLE_STRICT_OBJC_MSGSEND = YES;
				ENABLE_TESTABILITY = YES;
				GCC_C_LANGUAGE_STANDARD = gnu99;
				GCC_DYNAMIC_NO_PIC = NO;
				GCC_NO_COMMON_BLOCKS = YES;
				GCC_OPTIMIZATION_LEVEL = 0;
				GCC_PREPROCESSOR_DEFINITIONS = (
					"DEBUG=1",
					"$(inherited)",
				);
				GCC_WARN_64_TO_32_BIT_CONVERSION = YES;
				GCC_WARN_ABOUT_RETURN_TYPE = YES_ERROR;
				GCC_WARN_UNDECLARED_SELECTOR = YES;
				GCC_WARN_UNINITIALIZED_AUTOS = YES_AGGRESSIVE;
				GCC_WARN_UNUSED_FUNCTION = YES;
				GCC_WARN_UNUSED_VARIABLE = YES;
				IPHONEOS_DEPLOYMENT_TARGET = 10.3;
				MTL_ENABLE_DEBUG_INFO = YES;
				ONLY_ACTIVE_ARCH = YES;
				SDKROOT = iphoneos;
				SWIFT_ACTIVE_COMPILATION_CONDITIONS = DEBUG;
				SWIFT_OPTIMIZATION_LEVEL = "-Onone";
			};
			name = Debug;
		};
		383DD3161F1C555600BAEC3A /* Release */ = {
			isa = XCBuildConfiguration;
			buildSettings = {
				ALWAYS_SEARCH_USER_PATHS = NO;
				CLANG_ANALYZER_NONNULL = YES;
				CLANG_ANALYZER_NUMBER_OBJECT_CONVERSION = YES_AGGRESSIVE;
				CLANG_CXX_LANGUAGE_STANDARD = "gnu++0x";
				CLANG_CXX_LIBRARY = "libc++";
				CLANG_ENABLE_MODULES = YES;
				CLANG_ENABLE_OBJC_ARC = YES;
				CLANG_WARN_BOOL_CONVERSION = YES;
				CLANG_WARN_CONSTANT_CONVERSION = YES;
				CLANG_WARN_DIRECT_OBJC_ISA_USAGE = YES_ERROR;
				CLANG_WARN_DOCUMENTATION_COMMENTS = YES;
				CLANG_WARN_EMPTY_BODY = YES;
				CLANG_WARN_ENUM_CONVERSION = YES;
				CLANG_WARN_INFINITE_RECURSION = YES;
				CLANG_WARN_INT_CONVERSION = YES;
				CLANG_WARN_OBJC_ROOT_CLASS = YES_ERROR;
				CLANG_WARN_SUSPICIOUS_MOVE = YES;
				CLANG_WARN_UNREACHABLE_CODE = YES;
				CLANG_WARN__DUPLICATE_METHOD_MATCH = YES;
				"CODE_SIGN_IDENTITY[sdk=iphoneos*]" = "iPhone Developer";
				COPY_PHASE_STRIP = NO;
				DEBUG_INFORMATION_FORMAT = "dwarf-with-dsym";
				ENABLE_NS_ASSERTIONS = NO;
				ENABLE_STRICT_OBJC_MSGSEND = YES;
				GCC_C_LANGUAGE_STANDARD = gnu99;
				GCC_NO_COMMON_BLOCKS = YES;
				GCC_WARN_64_TO_32_BIT_CONVERSION = YES;
				GCC_WARN_ABOUT_RETURN_TYPE = YES_ERROR;
				GCC_WARN_UNDECLARED_SELECTOR = YES;
				GCC_WARN_UNINITIALIZED_AUTOS = YES_AGGRESSIVE;
				GCC_WARN_UNUSED_FUNCTION = YES;
				GCC_WARN_UNUSED_VARIABLE = YES;
				IPHONEOS_DEPLOYMENT_TARGET = 10.3;
				MTL_ENABLE_DEBUG_INFO = NO;
				SDKROOT = iphoneos;
				SWIFT_OPTIMIZATION_LEVEL = "-Owholemodule";
				VALIDATE_PRODUCT = YES;
			};
			name = Release;
		};
		383DD3181F1C555600BAEC3A /* Debug */ = {
			isa = XCBuildConfiguration;
			baseConfigurationReference = 2747331DFFE2FC1E48A590F9 /* Pods-Daily Spendy.debug.xcconfig */;
			buildSettings = {
				ASSETCATALOG_COMPILER_APPICON_NAME = AppIcon;
				DEVELOPMENT_TEAM = LWGNF97J5S;
				INFOPLIST_FILE = "Daily Spendy/Info.plist";
				IPHONEOS_DEPLOYMENT_TARGET = 10.0;
				LD_RUNPATH_SEARCH_PATHS = "$(inherited) @executable_path/Frameworks";
				PRODUCT_BUNDLE_IDENTIFIER = "com.tqloc0311.Daily-Spendy";
				PRODUCT_NAME = "$(TARGET_NAME)";
				SWIFT_VERSION = 3.0;
			};
			name = Debug;
		};
		383DD3191F1C555600BAEC3A /* Release */ = {
			isa = XCBuildConfiguration;
			baseConfigurationReference = 7E855BB24D75CC7396E7EB3D /* Pods-Daily Spendy.release.xcconfig */;
			buildSettings = {
				ASSETCATALOG_COMPILER_APPICON_NAME = AppIcon;
				DEVELOPMENT_TEAM = LWGNF97J5S;
				INFOPLIST_FILE = "Daily Spendy/Info.plist";
				IPHONEOS_DEPLOYMENT_TARGET = 10.0;
				LD_RUNPATH_SEARCH_PATHS = "$(inherited) @executable_path/Frameworks";
				PRODUCT_BUNDLE_IDENTIFIER = "com.tqloc0311.Daily-Spendy";
				PRODUCT_NAME = "$(TARGET_NAME)";
				SWIFT_VERSION = 3.0;
			};
			name = Release;
		};
/* End XCBuildConfiguration section */

/* Begin XCConfigurationList section */
		383DD2FD1F1C555500BAEC3A /* Build configuration list for PBXProject "Daily Spendy" */ = {
			isa = XCConfigurationList;
			buildConfigurations = (
				383DD3151F1C555600BAEC3A /* Debug */,
				383DD3161F1C555600BAEC3A /* Release */,
			);
			defaultConfigurationIsVisible = 0;
			defaultConfigurationName = Release;
		};
		383DD3171F1C555600BAEC3A /* Build configuration list for PBXNativeTarget "Daily Spendy" */ = {
			isa = XCConfigurationList;
			buildConfigurations = (
				383DD3181F1C555600BAEC3A /* Debug */,
				383DD3191F1C555600BAEC3A /* Release */,
			);
			defaultConfigurationIsVisible = 0;
			defaultConfigurationName = Release;
		};
/* End XCConfigurationList section */

/* Begin XCVersionGroup section */
		383DD30C1F1C555600BAEC3A /* Daily_Spendy.xcdatamodeld */ = {
			isa = XCVersionGroup;
			children = (
				383DD30D1F1C555600BAEC3A /* Daily_Spendy.xcdatamodel */,
			);
			currentVersion = 383DD30D1F1C555600BAEC3A /* Daily_Spendy.xcdatamodel */;
			name = Daily_Spendy.xcdatamodeld;
			path = ../Daily_Spendy.xcdatamodeld;
			sourceTree = "<group>";
			versionGroupType = wrapper.xcdatamodel;
		};
/* End XCVersionGroup section */
	};
	rootObject = 383DD2FA1F1C555500BAEC3A /* Project object */;
}
