PODS:
  - IQKeyboardManagerSwift (4.0.10)
  - JTAppleCalendar (7.0.4)

DEPENDENCIES:
  - IQKeyboardManagerSwift
  - JTAppleCalendar

SPEC CHECKSUMS:
  IQKeyboardManagerSwift: 75ba21a23794a1e6b6fe6d9a267ea17f80e06771
  JTAppleCalendar: 6def48ecd0daae1d5baaa45e813124c2a20b184d

PODFILE CHECKSUM: e1d4867aae95844b2ad8ba86605425132fb93047

COCOAPODS: 1.2.0
